<?xml version="1.0" encoding="UTF-8"?>
<!DOCTYPE plist PUBLIC "-//Apple//DTD PLIST 1.0//EN" "http://www.apple.com/DTDs/PropertyList-1.0.dtd">
<plist version="1.0">
  <dict>
    <key>objects</key>
    <dict>
      <key>60DC0F3C19A8CB5E0005BAB4</key>
      <dict>
        <key>isa</key>
        <string>PBXProject</string>
        <key>attributes</key>
        <dict>
          <key>LastUpgradeCheck</key>
          <string>0600</string>
          <key>ORGANIZATIONNAME</key>
          <string>Orta</string>
          <key>TargetAttributes</key>
          <dict>
            <key>60DC0F7B19A8D9FD0005BAB4</key>
            <dict>
              <key>CreatedOnToolsVersion</key>
              <string>6.0</string>
            </dict>
            <key>60DC0F8519A8D9FD0005BAB4</key>
            <dict>
              <key>CreatedOnToolsVersion</key>
              <string>6.0</string>
              <key>TestTargetID</key>
              <string>60DC0F4319A8CB5E0005BAB4</string>
            </dict>
          </dict>
        </dict>
        <key>compatibilityVersion</key>
        <string>Xcode 3.2</string>
        <key>developmentRegion</key>
        <string>English</string>
        <key>hasScannedForEncodings</key>
        <string>0</string>
        <key>knownRegions</key>
        <array>
          <string>en</string>
          <string>Base</string>
        </array>
        <key>projectDirPath</key>
        <string></string>
        <key>projectRoot</key>
        <string></string>
        <key>buildConfigurationList</key>
        <string>60DC0F3F19A8CB5E0005BAB4</string>
        <key>mainGroup</key>
        <string>60DC0F3B19A8CB5E0005BAB4</string>
        <key>productRefGroup</key>
        <string>60DC0F4519A8CB5E0005BAB4</string>
        <key>targets</key>
        <array>
          <string>60DC0F7B19A8D9FD0005BAB4</string>
          <string>60DC0F8519A8D9FD0005BAB4</string>
        </array>
        <key>projectReferences</key>
        <array/>
      </dict>
      <key>60DC0F5E19A8CB5E0005BAB4</key>
      <dict>
        <key>isa</key>
        <string>XCBuildConfiguration</string>
        <key>name</key>
        <string>Debug</string>
        <key>buildSettings</key>
        <dict>
          <key>ALWAYS_SEARCH_USER_PATHS</key>
          <string>NO</string>
          <key>CLANG_CXX_LANGUAGE_STANDARD</key>
          <string>gnu++0x</string>
          <key>CLANG_CXX_LIBRARY</key>
          <string>libc++</string>
          <key>CLANG_ENABLE_MODULES</key>
          <string>YES</string>
          <key>CLANG_ENABLE_OBJC_ARC</key>
          <string>YES</string>
          <key>CLANG_WARN_BOOL_CONVERSION</key>
          <string>YES</string>
          <key>CLANG_WARN_CONSTANT_CONVERSION</key>
          <string>YES</string>
          <key>CLANG_WARN_DIRECT_OBJC_ISA_USAGE</key>
          <string>YES_ERROR</string>
          <key>CLANG_WARN_EMPTY_BODY</key>
          <string>YES</string>
          <key>CLANG_WARN_ENUM_CONVERSION</key>
          <string>YES</string>
          <key>CLANG_WARN_INT_CONVERSION</key>
          <string>YES</string>
          <key>CLANG_WARN_OBJC_ROOT_CLASS</key>
          <string>YES_ERROR</string>
          <key>CLANG_WARN_UNREACHABLE_CODE</key>
          <string>YES</string>
          <key>CLANG_WARN__DUPLICATE_METHOD_MATCH</key>
          <string>YES</string>
          <key>CODE_SIGN_IDENTITY[sdk=iphoneos*]</key>
          <string>iPhone Developer</string>
          <key>COPY_PHASE_STRIP</key>
          <string>NO</string>
          <key>ENABLE_STRICT_OBJC_MSGSEND</key>
          <string>YES</string>
          <key>GCC_C_LANGUAGE_STANDARD</key>
          <string>gnu99</string>
          <key>GCC_DYNAMIC_NO_PIC</key>
          <string>NO</string>
          <key>GCC_OPTIMIZATION_LEVEL</key>
          <string>0</string>
          <key>GCC_PREPROCESSOR_DEFINITIONS</key>
          <array>
            <string>DEBUG=1</string>
            <string>$(inherited)</string>
          </array>
          <key>GCC_SYMBOLS_PRIVATE_EXTERN</key>
          <string>NO</string>
          <key>GCC_WARN_64_TO_32_BIT_CONVERSION</key>
          <string>YES</string>
          <key>GCC_WARN_ABOUT_RETURN_TYPE</key>
          <string>YES_ERROR</string>
          <key>GCC_WARN_UNDECLARED_SELECTOR</key>
          <string>YES</string>
          <key>GCC_WARN_UNINITIALIZED_AUTOS</key>
          <string>YES_AGGRESSIVE</string>
          <key>GCC_WARN_UNUSED_FUNCTION</key>
          <string>YES</string>
          <key>GCC_WARN_UNUSED_VARIABLE</key>
          <string>YES</string>
          <key>IPHONEOS_DEPLOYMENT_TARGET</key>
          <string>8.0</string>
          <key>MTL_ENABLE_DEBUG_INFO</key>
          <string>YES</string>
          <key>ONLY_ACTIVE_ARCH</key>
          <string>YES</string>
          <key>SDKROOT</key>
          <string>iphoneos</string>
          <key>SWIFT_OPTIMIZATION_LEVEL</key>
          <string>-Onone</string>
          <key>TARGETED_DEVICE_FAMILY</key>
          <string>1,2</string>
        </dict>
      </dict>
      <key>60DC0F5F19A8CB5E0005BAB4</key>
      <dict>
        <key>isa</key>
        <string>XCBuildConfiguration</string>
        <key>name</key>
        <string>Release</string>
        <key>buildSettings</key>
        <dict>
          <key>ALWAYS_SEARCH_USER_PATHS</key>
          <string>NO</string>
          <key>CLANG_CXX_LANGUAGE_STANDARD</key>
          <string>gnu++0x</string>
          <key>CLANG_CXX_LIBRARY</key>
          <string>libc++</string>
          <key>CLANG_ENABLE_MODULES</key>
          <string>YES</string>
          <key>CLANG_ENABLE_OBJC_ARC</key>
          <string>YES</string>
          <key>CLANG_WARN_BOOL_CONVERSION</key>
          <string>YES</string>
          <key>CLANG_WARN_CONSTANT_CONVERSION</key>
          <string>YES</string>
          <key>CLANG_WARN_DIRECT_OBJC_ISA_USAGE</key>
          <string>YES_ERROR</string>
          <key>CLANG_WARN_EMPTY_BODY</key>
          <string>YES</string>
          <key>CLANG_WARN_ENUM_CONVERSION</key>
          <string>YES</string>
          <key>CLANG_WARN_INT_CONVERSION</key>
          <string>YES</string>
          <key>CLANG_WARN_OBJC_ROOT_CLASS</key>
          <string>YES_ERROR</string>
          <key>CLANG_WARN_UNREACHABLE_CODE</key>
          <string>YES</string>
          <key>CLANG_WARN__DUPLICATE_METHOD_MATCH</key>
          <string>YES</string>
          <key>CODE_SIGN_IDENTITY[sdk=iphoneos*]</key>
          <string>iPhone Developer</string>
          <key>COPY_PHASE_STRIP</key>
          <string>YES</string>
          <key>ENABLE_NS_ASSERTIONS</key>
          <string>NO</string>
          <key>ENABLE_STRICT_OBJC_MSGSEND</key>
          <string>YES</string>
          <key>GCC_C_LANGUAGE_STANDARD</key>
          <string>gnu99</string>
          <key>GCC_WARN_64_TO_32_BIT_CONVERSION</key>
          <string>YES</string>
          <key>GCC_WARN_ABOUT_RETURN_TYPE</key>
          <string>YES_ERROR</string>
          <key>GCC_WARN_UNDECLARED_SELECTOR</key>
          <string>YES</string>
          <key>GCC_WARN_UNINITIALIZED_AUTOS</key>
          <string>YES_AGGRESSIVE</string>
          <key>GCC_WARN_UNUSED_FUNCTION</key>
          <string>YES</string>
          <key>GCC_WARN_UNUSED_VARIABLE</key>
          <string>YES</string>
          <key>IPHONEOS_DEPLOYMENT_TARGET</key>
          <string>8.0</string>
          <key>MTL_ENABLE_DEBUG_INFO</key>
          <string>NO</string>
          <key>SDKROOT</key>
          <string>iphoneos</string>
          <key>TARGETED_DEVICE_FAMILY</key>
          <string>1,2</string>
          <key>VALIDATE_PRODUCT</key>
          <string>YES</string>
        </dict>
      </dict>
      <key>60DC0F3F19A8CB5E0005BAB4</key>
      <dict>
        <key>isa</key>
        <string>XCConfigurationList</string>
        <key>defaultConfigurationIsVisible</key>
        <string>0</string>
        <key>defaultConfigurationName</key>
        <string>Release</string>
        <key>buildConfigurations</key>
        <array>
          <string>60DC0F5E19A8CB5E0005BAB4</string>
          <string>60DC0F5F19A8CB5E0005BAB4</string>
        </array>
      </dict>
      <key>60DC0F7619A8D9800005BAB4</key>
      <dict>
        <key>isa</key>
        <string>PBXFileReference</string>
        <key>name</key>
        <string>TinkerGround.playground</string>
        <key>path</key>
        <string>Relate/TinkerGround.playground</string>
        <key>sourceTree</key>
        <string>&lt;group&gt;</string>
        <key>lastKnownFileType</key>
        <string>file.playground</string>
      </dict>
      <key>60DC0F7019A8D45E0005BAB4</key>
      <dict>
        <key>isa</key>
        <string>PBXFileReference</string>
        <key>path</key>
        <string>Room.swift</string>
        <key>sourceTree</key>
        <string>&lt;group&gt;</string>
        <key>lastKnownFileType</key>
        <string>sourcecode.swift</string>
        <key>fileEncoding</key>
        <string>4</string>
      </dict>
      <key>60DC0F7219A8D64E0005BAB4</key>
      <dict>
        <key>isa</key>
        <string>PBXFileReference</string>
        <key>path</key>
        <string>Item.swift</string>
        <key>sourceTree</key>
        <string>&lt;group&gt;</string>
        <key>lastKnownFileType</key>
        <string>sourcecode.swift</string>
        <key>fileEncoding</key>
        <string>4</string>
      </dict>
      <key>60DC0F7419A8D6C10005BAB4</key>
      <dict>
        <key>isa</key>
        <string>PBXFileReference</string>
        <key>path</key>
        <string>TinkerObject.swift</string>
        <key>sourceTree</key>
        <string>&lt;group&gt;</string>
        <key>lastKnownFileType</key>
        <string>sourcecode.swift</string>
        <key>fileEncoding</key>
        <string>4</string>
      </dict>
      <key>60DC0F6B19A8CC7C0005BAB4</key>
      <dict>
        <key>isa</key>
        <string>PBXFileReference</string>
        <key>path</key>
        <string>Tinker.swift</string>
        <key>sourceTree</key>
        <string>&lt;group&gt;</string>
        <key>lastKnownFileType</key>
        <string>sourcecode.swift</string>
        <key>fileEncoding</key>
        <string>4</string>
      </dict>
      <key>60DC0FA019A8DE420005BAB4</key>
      <dict>
        <key>isa</key>
        <string>PBXFileReference</string>
        <key>path</key>
        <string>TQ.swift</string>
        <key>sourceTree</key>
        <string>&lt;group&gt;</string>
        <key>lastKnownFileType</key>
        <string>sourcecode.swift</string>
        <key>fileEncoding</key>
        <string>4</string>
      </dict>
      <key>606E591819A8E31700C2B979</key>
      <dict>
        <key>isa</key>
        <string>PBXFileReference</string>
        <key>path</key>
        <string>CommandInterpreter.swift</string>
        <key>sourceTree</key>
        <string>&lt;group&gt;</string>
        <key>lastKnownFileType</key>
        <string>sourcecode.swift</string>
        <key>fileEncoding</key>
        <string>4</string>
      </dict>
      <key>60AA038819A90C9800610BC8</key>
      <dict>
        <key>isa</key>
        <string>PBXFileReference</string>
        <key>path</key>
        <string>ConsoleDisplayAdaptor.swift</string>
        <key>sourceTree</key>
        <string>&lt;group&gt;</string>
        <key>lastKnownFileType</key>
        <string>sourcecode.swift</string>
        <key>fileEncoding</key>
        <string>4</string>
      </dict>
      <key>60AA038A19A91B3300610BC8</key>
      <dict>
        <key>isa</key>
        <string>PBXFileReference</string>
        <key>path</key>
        <string>Person.swift</string>
        <key>sourceTree</key>
        <string>&lt;group&gt;</string>
        <key>lastKnownFileType</key>
        <string>sourcecode.swift</string>
        <key>fileEncoding</key>
        <string>4</string>
      </dict>
      <key>60DC0F6819A8CBD00005BAB4</key>
      <dict>
        <key>isa</key>
        <string>PBXGroup</string>
        <key>sourceTree</key>
        <string>&lt;group&gt;</string>
        <key>path</key>
        <string>Library</string>
        <key>children</key>
        <array>
          <string>60DC0F7019A8D45E0005BAB4</string>
          <string>60DC0F7219A8D64E0005BAB4</string>
          <string>60DC0F7419A8D6C10005BAB4</string>
          <string>60DC0F6B19A8CC7C0005BAB4</string>
          <string>60DC0FA019A8DE420005BAB4</string>
          <string>606E591819A8E31700C2B979</string>
          <string>60AA038819A90C9800610BC8</string>
          <string>60AA038A19A91B3300610BC8</string>
        </array>
      </dict>
      <key>60DC0F8019A8D9FD0005BAB4</key>
      <dict>
        <key>isa</key>
        <string>PBXFileReference</string>
        <key>path</key>
        <string>TinkerQuest.h</string>
        <key>sourceTree</key>
        <string>&lt;group&gt;</string>
        <key>lastKnownFileType</key>
        <string>sourcecode.c.h</string>
      </dict>
      <key>60DC0F7F19A8D9FD0005BAB4</key>
      <dict>
        <key>isa</key>
        <string>PBXFileReference</string>
        <key>path</key>
        <string>Info.plist</string>
        <key>sourceTree</key>
        <string>&lt;group&gt;</string>
        <key>lastKnownFileType</key>
        <string>text.plist.xml</string>
      </dict>
      <key>60DC0F7E19A8D9FD0005BAB4</key>
      <dict>
        <key>isa</key>
        <string>PBXGroup</string>
        <key>sourceTree</key>
        <string>&lt;group&gt;</string>
        <key>path</key>
        <string>Supporting Files</string>
        <key>children</key>
        <array>
          <string>60DC0F7F19A8D9FD0005BAB4</string>
        </array>
      </dict>
      <key>60DC0F7D19A8D9FD0005BAB4</key>
      <dict>
        <key>isa</key>
        <string>PBXGroup</string>
        <key>sourceTree</key>
        <string>&lt;group&gt;</string>
        <key>path</key>
        <string>Tinker</string>
        <key>name</key>
        <string>Tinker</string>
        <key>children</key>
        <array>
          <string>60DC0F6819A8CBD00005BAB4</string>
          <string>60DC0F8019A8D9FD0005BAB4</string>
          <string>60DC0F7E19A8D9FD0005BAB4</string>
        </array>
      </dict>
      <key>60DC0F8C19A8D9FD0005BAB4</key>
      <dict>
        <key>isa</key>
        <string>PBXFileReference</string>
        <key>path</key>
        <string>TinkerQuestTests.swift</string>
        <key>sourceTree</key>
        <string>&lt;group&gt;</string>
        <key>lastKnownFileType</key>
        <string>sourcecode.swift</string>
      </dict>
      <key>60DC0F8B19A8D9FD0005BAB4</key>
      <dict>
        <key>isa</key>
        <string>PBXFileReference</string>
        <key>path</key>
        <string>Info.plist</string>
        <key>sourceTree</key>
        <string>&lt;group&gt;</string>
        <key>lastKnownFileType</key>
        <string>text.plist.xml</string>
      </dict>
      <key>60DC0F8A19A8D9FD0005BAB4</key>
      <dict>
        <key>isa</key>
        <string>PBXGroup</string>
        <key>sourceTree</key>
        <string>&lt;group&gt;</string>
        <key>path</key>
        <string>Supporting Files</string>
        <key>children</key>
        <array>
          <string>60DC0F8B19A8D9FD0005BAB4</string>
        </array>
      </dict>
      <key>60DC0F8919A8D9FD0005BAB4</key>
      <dict>
        <key>isa</key>
        <string>PBXGroup</string>
        <key>sourceTree</key>
        <string>&lt;group&gt;</string>
        <key>path</key>
        <string>TinkerQuestTests</string>
        <key>children</key>
        <array>
          <string>60DC0F8C19A8D9FD0005BAB4</string>
          <string>60DC0F8A19A8D9FD0005BAB4</string>
        </array>
      </dict>
      <key>60DC0F7C19A8D9FD0005BAB4</key>
      <dict>
        <key>isa</key>
        <string>PBXFileReference</string>
        <key>path</key>
        <string>Tinker.framework</string>
        <key>sourceTree</key>
        <string>BUILT_PRODUCTS_DIR</string>
        <key>explicitFileType</key>
        <string>wrapper.framework</string>
        <key>includeInIndex</key>
        <string>0</string>
      </dict>
      <key>60DC0F8619A8D9FD0005BAB4</key>
      <dict>
        <key>isa</key>
        <string>PBXFileReference</string>
        <key>path</key>
        <string>TinkerTests.xctest</string>
        <key>sourceTree</key>
        <string>BUILT_PRODUCTS_DIR</string>
        <key>explicitFileType</key>
        <string>wrapper.cfbundle</string>
        <key>includeInIndex</key>
        <string>0</string>
      </dict>
      <key>60DC0F4519A8CB5E0005BAB4</key>
      <dict>
        <key>isa</key>
        <string>PBXGroup</string>
        <key>sourceTree</key>
        <string>&lt;group&gt;</string>
        <key>name</key>
        <string>Products</string>
        <key>children</key>
        <array>
          <string>60DC0F7C19A8D9FD0005BAB4</string>
          <string>60DC0F8619A8D9FD0005BAB4</string>
        </array>
      </dict>
      <key>60DC0F3B19A8CB5E0005BAB4</key>
      <dict>
        <key>isa</key>
        <string>PBXGroup</string>
        <key>sourceTree</key>
        <string>&lt;group&gt;</string>
        <key>children</key>
        <array>
          <string>60DC0F7619A8D9800005BAB4</string>
          <string>60DC0F7D19A8D9FD0005BAB4</string>
          <string>60DC0F8919A8D9FD0005BAB4</string>
          <string>60DC0F4519A8CB5E0005BAB4</string>
        </array>
      </dict>
      <key>60DC0F9519A8D9FD0005BAB4</key>
      <dict>
        <key>isa</key>
        <string>XCBuildConfiguration</string>
        <key>name</key>
        <string>Debug</string>
        <key>buildSettings</key>
        <dict>
          <key>CURRENT_PROJECT_VERSION</key>
          <string>1</string>
          <key>DEFINES_MODULE</key>
          <string>YES</string>
          <key>DYLIB_COMPATIBILITY_VERSION</key>
          <string>1</string>
          <key>DYLIB_CURRENT_VERSION</key>
          <string>1</string>
          <key>DYLIB_INSTALL_NAME_BASE</key>
          <string>@rpath</string>
          <key>GCC_PREPROCESSOR_DEFINITIONS</key>
          <array>
            <string>DEBUG=1</string>
            <string>$(inherited)</string>
          </array>
          <key>INFOPLIST_FILE</key>
          <string>Tinker/Supporting Files/Info.plist</string>
          <key>INSTALL_PATH</key>
          <string>$(LOCAL_LIBRARY_DIR)/Frameworks</string>
          <key>LD_RUNPATH_SEARCH_PATHS</key>
          <string>$(inherited) @executable_path/Frameworks @loader_path/Frameworks</string>
          <key>PRODUCT_NAME</key>
          <string>$(TARGET_NAME)</string>
          <key>SKIP_INSTALL</key>
          <string>YES</string>
          <key>VERSIONING_SYSTEM</key>
          <string>apple-generic</string>
          <key>VERSION_INFO_PREFIX</key>
          <string></string>
        </dict>
      </dict>
      <key>60DC0F9619A8D9FD0005BAB4</key>
      <dict>
        <key>isa</key>
        <string>XCBuildConfiguration</string>
        <key>name</key>
        <string>Release</string>
        <key>buildSettings</key>
        <dict>
          <key>CURRENT_PROJECT_VERSION</key>
          <string>1</string>
          <key>DEFINES_MODULE</key>
          <string>YES</string>
          <key>DYLIB_COMPATIBILITY_VERSION</key>
          <string>1</string>
          <key>DYLIB_CURRENT_VERSION</key>
          <string>1</string>
          <key>DYLIB_INSTALL_NAME_BASE</key>
          <string>@rpath</string>
          <key>INFOPLIST_FILE</key>
          <string>Tinker/Supporting Files/Info.plist</string>
          <key>INSTALL_PATH</key>
          <string>$(LOCAL_LIBRARY_DIR)/Frameworks</string>
          <key>LD_RUNPATH_SEARCH_PATHS</key>
          <string>$(inherited) @executable_path/Frameworks @loader_path/Frameworks</string>
          <key>PRODUCT_NAME</key>
          <string>$(TARGET_NAME)</string>
          <key>SKIP_INSTALL</key>
          <string>YES</string>
          <key>VERSIONING_SYSTEM</key>
          <string>apple-generic</string>
          <key>VERSION_INFO_PREFIX</key>
          <string></string>
        </dict>
      </dict>
      <key>60DC0F9419A8D9FD0005BAB4</key>
      <dict>
        <key>isa</key>
        <string>XCConfigurationList</string>
        <key>defaultConfigurationIsVisible</key>
        <string>0</string>
        <key>defaultConfigurationName</key>
        <string>Release</string>
        <key>buildConfigurations</key>
        <array>
          <string>60DC0F9519A8D9FD0005BAB4</string>
          <string>60DC0F9619A8D9FD0005BAB4</string>
        </array>
      </dict>
      <key>60AA038919A90C9800610BC8</key>
      <dict>
        <key>isa</key>
        <string>PBXBuildFile</string>
        <key>fileRef</key>
        <string>60AA038819A90C9800610BC8</string>
      </dict>
      <key>60DC0F9B19A8DA550005BAB4</key>
      <dict>
        <key>isa</key>
        <string>PBXBuildFile</string>
        <key>fileRef</key>
        <string>60DC0F7019A8D45E0005BAB4</string>
      </dict>
      <key>60DC0F9C19A8DA550005BAB4</key>
      <dict>
        <key>isa</key>
        <string>PBXBuildFile</string>
        <key>fileRef</key>
        <string>60DC0F7219A8D64E0005BAB4</string>
      </dict>
      <key>606E591919A8E31700C2B979</key>
      <dict>
        <key>isa</key>
        <string>PBXBuildFile</string>
        <key>fileRef</key>
        <string>606E591819A8E31700C2B979</string>
      </dict>
      <key>60DC0F9D19A8DA550005BAB4</key>
      <dict>
        <key>isa</key>
        <string>PBXBuildFile</string>
        <key>fileRef</key>
        <string>60DC0F7419A8D6C10005BAB4</string>
      </dict>
      <key>60DC0FA119A8DE420005BAB4</key>
      <dict>
        <key>isa</key>
        <string>PBXBuildFile</string>
        <key>fileRef</key>
        <string>60DC0FA019A8DE420005BAB4</string>
      </dict>
      <key>60AA038B19A91B3300610BC8</key>
      <dict>
        <key>isa</key>
        <string>PBXBuildFile</string>
        <key>fileRef</key>
        <string>60AA038A19A91B3300610BC8</string>
      </dict>
      <key>60DC0F9E19A8DA550005BAB4</key>
      <dict>
        <key>isa</key>
        <string>PBXBuildFile</string>
        <key>fileRef</key>
        <string>60DC0F6B19A8CC7C0005BAB4</string>
      </dict>
      <key>60DC0F7719A8D9FD0005BAB4</key>
      <dict>
        <key>isa</key>
        <string>PBXSourcesBuildPhase</string>
        <key>buildActionMask</key>
        <string>2147483647</string>
        <key>runOnlyForDeploymentPostprocessing</key>
        <string>0</string>
        <key>files</key>
        <array>
          <string>60AA038919A90C9800610BC8</string>
          <string>60DC0F9B19A8DA550005BAB4</string>
          <string>60DC0F9C19A8DA550005BAB4</string>
          <string>606E591919A8E31700C2B979</string>
          <string>60DC0F9D19A8DA550005BAB4</string>
          <string>60DC0FA119A8DE420005BAB4</string>
          <string>60AA038B19A91B3300610BC8</string>
          <string>60DC0F9E19A8DA550005BAB4</string>
        </array>
      </dict>
      <key>60DC0F7819A8D9FD0005BAB4</key>
      <dict>
        <key>isa</key>
        <string>PBXFrameworksBuildPhase</string>
        <key>buildActionMask</key>
        <string>2147483647</string>
        <key>runOnlyForDeploymentPostprocessing</key>
        <string>0</string>
        <key>files</key>
        <array/>
      </dict>
      <key>60DC0F8119A8D9FD0005BAB4</key>
      <dict>
        <key>isa</key>
        <string>PBXBuildFile</string>
        <key>settings</key>
        <dict>
          <key>ATTRIBUTES</key>
          <array>
            <string>Public</string>
          </array>
        </dict>
        <key>fileRef</key>
        <string>60DC0F8019A8D9FD0005BAB4</string>
      </dict>
      <key>60DC0F7919A8D9FD0005BAB4</key>
      <dict>
        <key>isa</key>
        <string>PBXHeadersBuildPhase</string>
        <key>buildActionMask</key>
        <string>2147483647</string>
        <key>runOnlyForDeploymentPostprocessing</key>
        <string>0</string>
        <key>files</key>
        <array>
          <string>60DC0F8119A8D9FD0005BAB4</string>
        </array>
      </dict>
      <key>60DC0F7A19A8D9FD0005BAB4</key>
      <dict>
        <key>isa</key>
        <string>PBXResourcesBuildPhase</string>
        <key>buildActionMask</key>
        <string>2147483647</string>
        <key>runOnlyForDeploymentPostprocessing</key>
        <string>0</string>
        <key>files</key>
        <array/>
      </dict>
      <key>60DC0F7B19A8D9FD0005BAB4</key>
      <dict>
        <key>isa</key>
        <string>PBXNativeTarget</string>
        <key>productType</key>
        <string>com.apple.product-type.framework</string>
        <key>name</key>
        <string>Tinker</string>
        <key>productName</key>
        <string>TinkerQuest</string>
        <key>productReference</key>
        <string>60DC0F7C19A8D9FD0005BAB4</string>
        <key>buildConfigurationList</key>
        <string>60DC0F9419A8D9FD0005BAB4</string>
        <key>buildRules</key>
        <array/>
        <key>buildPhases</key>
        <array>
          <string>60DC0F7719A8D9FD0005BAB4</string>
          <string>60DC0F7819A8D9FD0005BAB4</string>
          <string>60DC0F7919A8D9FD0005BAB4</string>
          <string>60DC0F7A19A8D9FD0005BAB4</string>
        </array>
        <key>dependencies</key>
        <array/>
      </dict>
      <key>60DC0F9919A8D9FD0005BAB4</key>
      <dict>
        <key>isa</key>
        <string>XCBuildConfiguration</string>
        <key>name</key>
        <string>Debug</string>
        <key>buildSettings</key>
        <dict>
          <key>FRAMEWORK_SEARCH_PATHS</key>
          <array>
            <string>$(SDKROOT)/Developer/Library/Frameworks</string>
            <string>$(inherited)</string>
          </array>
          <key>GCC_PREPROCESSOR_DEFINITIONS</key>
          <array>
            <string>DEBUG=1</string>
            <string>$(inherited)</string>
          </array>
          <key>INFOPLIST_FILE</key>
          <string>TinkerTests/Supporting Files/Info.plist</string>
          <key>LD_RUNPATH_SEARCH_PATHS</key>
          <string>$(inherited) @executable_path/Frameworks @loader_path/Frameworks</string>
          <key>PRODUCT_NAME</key>
          <string>$(TARGET_NAME)</string>
          <key>TEST_HOST</key>
          <string>$(BUILT_PRODUCTS_DIR)/Relate.app/Relate</string>
        </dict>
      </dict>
      <key>60DC0F9A19A8D9FD0005BAB4</key>
      <dict>
        <key>isa</key>
        <string>XCBuildConfiguration</string>
        <key>name</key>
        <string>Release</string>
        <key>buildSettings</key>
        <dict>
          <key>FRAMEWORK_SEARCH_PATHS</key>
          <array>
            <string>$(SDKROOT)/Developer/Library/Frameworks</string>
            <string>$(inherited)</string>
          </array>
          <key>INFOPLIST_FILE</key>
          <string>TinkerTests/Supporting Files/Info.plist</string>
          <key>LD_RUNPATH_SEARCH_PATHS</key>
          <string>$(inherited) @executable_path/Frameworks @loader_path/Frameworks</string>
          <key>PRODUCT_NAME</key>
          <string>$(TARGET_NAME)</string>
          <key>TEST_HOST</key>
          <string>$(BUILT_PRODUCTS_DIR)/Relate.app/Relate</string>
        </dict>
      </dict>
      <key>60DC0F9819A8D9FD0005BAB4</key>
      <dict>
        <key>isa</key>
        <string>XCConfigurationList</string>
        <key>defaultConfigurationIsVisible</key>
        <string>0</string>
        <key>defaultConfigurationName</key>
        <string>Release</string>
        <key>buildConfigurations</key>
        <array>
          <string>60DC0F9919A8D9FD0005BAB4</string>
          <string>60DC0F9A19A8D9FD0005BAB4</string>
        </array>
      </dict>
      <key>60DC0F8D19A8D9FD0005BAB4</key>
      <dict>
        <key>isa</key>
        <string>PBXBuildFile</string>
        <key>fileRef</key>
        <string>60DC0F8C19A8D9FD0005BAB4</string>
      </dict>
      <key>60DC0F8219A8D9FD0005BAB4</key>
      <dict>
        <key>isa</key>
        <string>PBXSourcesBuildPhase</string>
        <key>buildActionMask</key>
        <string>2147483647</string>
        <key>runOnlyForDeploymentPostprocessing</key>
        <string>0</string>
        <key>files</key>
        <array>
          <string>60DC0F8D19A8D9FD0005BAB4</string>
        </array>
      </dict>
      <key>60DC0F8319A8D9FD0005BAB4</key>
      <dict>
        <key>isa</key>
        <string>PBXFrameworksBuildPhase</string>
        <key>buildActionMask</key>
        <string>2147483647</string>
        <key>runOnlyForDeploymentPostprocessing</key>
        <string>0</string>
        <key>files</key>
        <array/>
      </dict>
      <key>60DC0F8419A8D9FD0005BAB4</key>
      <dict>
        <key>isa</key>
        <string>PBXResourcesBuildPhase</string>
        <key>buildActionMask</key>
        <string>2147483647</string>
        <key>runOnlyForDeploymentPostprocessing</key>
        <string>0</string>
        <key>files</key>
        <array/>
      </dict>
      <key>60DC0F8519A8D9FD0005BAB4</key>
      <dict>
        <key>isa</key>
        <string>PBXNativeTarget</string>
        <key>productType</key>
        <string>com.apple.product-type.bundle.unit-test</string>
        <key>name</key>
        <string>TinkerTests</string>
        <key>productName</key>
        <string>TinkerQuestTests</string>
        <key>productReference</key>
        <string>60DC0F8619A8D9FD0005BAB4</string>
        <key>buildConfigurationList</key>
        <string>60DC0F9819A8D9FD0005BAB4</string>
        <key>buildRules</key>
        <array/>
        <key>buildPhases</key>
        <array>
          <string>60DC0F8219A8D9FD0005BAB4</string>
          <string>60DC0F8319A8D9FD0005BAB4</string>
          <string>60DC0F8419A8D9FD0005BAB4</string>
        </array>
        <key>dependencies</key>
        <array/>
      </dict>
    </dict>
    <key>archiveVersion</key>
    <string>1</string>
    <key>objectVersion</key>
    <string>46</string>
    <key>classes</key>
    <dict/>
    <key>rootObject</key>
    <string>60DC0F3C19A8CB5E0005BAB4</string>
  </dict>
</plist>
