// !$*UTF8*$!
{
	archiveVersion = 1;
	classes = {
	};
	objectVersion = 46;
	objects = {

/* Begin PBXBuildFile section */
		6026398319A939610092DE02 /* Player.swift in Sources */ = {isa = PBXBuildFile; fileRef = 6026398219A939610092DE02 /* Player.swift */; };
		6026398519A971280092DE02 /* FoundationExtensions.swift in Sources */ = {isa = PBXBuildFile; fileRef = 6026398419A971280092DE02 /* FoundationExtensions.swift */; };
		606E591919A8E31700C2B979 /* CommandInterpreter.swift in Sources */ = {isa = PBXBuildFile; fileRef = 606E591819A8E31700C2B979 /* CommandInterpreter.swift */; };
		60AA038919A90C9800610BC8 /* ConsoleDisplayAdaptor.swift in Sources */ = {isa = PBXBuildFile; fileRef = 60AA038819A90C9800610BC8 /* ConsoleDisplayAdaptor.swift */; };
		60AA038B19A91B3300610BC8 /* Person.swift in Sources */ = {isa = PBXBuildFile; fileRef = 60AA038A19A91B3300610BC8 /* Person.swift */; };
		60DC0F8119A8D9FD0005BAB4 /* TinkerQuest.h in Headers */ = {isa = PBXBuildFile; fileRef = 60DC0F8019A8D9FD0005BAB4 /* TinkerQuest.h */; settings = {ATTRIBUTES = (Public, ); }; };
		60DC0F8D19A8D9FD0005BAB4 /* TinkerQuestTests.swift in Sources */ = {isa = PBXBuildFile; fileRef = 60DC0F8C19A8D9FD0005BAB4 /* TinkerQuestTests.swift */; };
		60DC0F9B19A8DA550005BAB4 /* Room.swift in Sources */ = {isa = PBXBuildFile; fileRef = 60DC0F7019A8D45E0005BAB4 /* Room.swift */; };
		60DC0F9C19A8DA550005BAB4 /* Item.swift in Sources */ = {isa = PBXBuildFile; fileRef = 60DC0F7219A8D64E0005BAB4 /* Item.swift */; };
		60DC0F9D19A8DA550005BAB4 /* TinkerObject.swift in Sources */ = {isa = PBXBuildFile; fileRef = 60DC0F7419A8D6C10005BAB4 /* TinkerObject.swift */; };
		60DC0F9E19A8DA550005BAB4 /* Tinker.swift in Sources */ = {isa = PBXBuildFile; fileRef = 60DC0F6B19A8CC7C0005BAB4 /* Tinker.swift */; };
		60DC0FA119A8DE420005BAB4 /* TQ.swift in Sources */ = {isa = PBXBuildFile; fileRef = 60DC0FA019A8DE420005BAB4 /* TQ.swift */; };
/* End PBXBuildFile section */

/* Begin PBXFileReference section */
		6026398219A939610092DE02 /* Player.swift */ = {isa = PBXFileReference; fileEncoding = 4; lastKnownFileType = sourcecode.swift; path = Player.swift; sourceTree = "<group>"; };
		6026398419A971280092DE02 /* FoundationExtensions.swift */ = {isa = PBXFileReference; fileEncoding = 4; lastKnownFileType = sourcecode.swift; path = FoundationExtensions.swift; sourceTree = "<group>"; };
		606E591819A8E31700C2B979 /* CommandInterpreter.swift */ = {isa = PBXFileReference; fileEncoding = 4; lastKnownFileType = sourcecode.swift; path = CommandInterpreter.swift; sourceTree = "<group>"; };
		60AA038819A90C9800610BC8 /* ConsoleDisplayAdaptor.swift */ = {isa = PBXFileReference; fileEncoding = 4; lastKnownFileType = sourcecode.swift; path = ConsoleDisplayAdaptor.swift; sourceTree = "<group>"; };
		60AA038A19A91B3300610BC8 /* Person.swift */ = {isa = PBXFileReference; fileEncoding = 4; lastKnownFileType = sourcecode.swift; path = Person.swift; sourceTree = "<group>"; };
		60DC0F6B19A8CC7C0005BAB4 /* Tinker.swift */ = {isa = PBXFileReference; fileEncoding = 4; lastKnownFileType = sourcecode.swift; path = Tinker.swift; sourceTree = "<group>"; };
		60DC0F7019A8D45E0005BAB4 /* Room.swift */ = {isa = PBXFileReference; fileEncoding = 4; lastKnownFileType = sourcecode.swift; path = Room.swift; sourceTree = "<group>"; };
		60DC0F7219A8D64E0005BAB4 /* Item.swift */ = {isa = PBXFileReference; fileEncoding = 4; lastKnownFileType = sourcecode.swift; path = Item.swift; sourceTree = "<group>"; };
		60DC0F7419A8D6C10005BAB4 /* TinkerObject.swift */ = {isa = PBXFileReference; fileEncoding = 4; lastKnownFileType = sourcecode.swift; path = TinkerObject.swift; sourceTree = "<group>"; };
		60DC0F7619A8D9800005BAB4 /* TinkerGround.playground */ = {isa = PBXFileReference; lastKnownFileType = file.playground; name = TinkerGround.playground; path = Relate/TinkerGround.playground; sourceTree = "<group>"; };
		60DC0F7C19A8D9FD0005BAB4 /* Tinker.framework */ = {isa = PBXFileReference; explicitFileType = wrapper.framework; includeInIndex = 0; path = Tinker.framework; sourceTree = BUILT_PRODUCTS_DIR; };
		60DC0F7F19A8D9FD0005BAB4 /* Info.plist */ = {isa = PBXFileReference; lastKnownFileType = text.plist.xml; path = Info.plist; sourceTree = "<group>"; };
		60DC0F8019A8D9FD0005BAB4 /* TinkerQuest.h */ = {isa = PBXFileReference; lastKnownFileType = sourcecode.c.h; path = TinkerQuest.h; sourceTree = "<group>"; };
		60DC0F8619A8D9FD0005BAB4 /* TinkerTests.xctest */ = {isa = PBXFileReference; explicitFileType = wrapper.cfbundle; includeInIndex = 0; path = TinkerTests.xctest; sourceTree = BUILT_PRODUCTS_DIR; };
		60DC0F8B19A8D9FD0005BAB4 /* Info.plist */ = {isa = PBXFileReference; lastKnownFileType = text.plist.xml; path = Info.plist; sourceTree = "<group>"; };
		60DC0F8C19A8D9FD0005BAB4 /* TinkerQuestTests.swift */ = {isa = PBXFileReference; lastKnownFileType = sourcecode.swift; path = TinkerQuestTests.swift; sourceTree = "<group>"; };
		60DC0FA019A8DE420005BAB4 /* TQ.swift */ = {isa = PBXFileReference; fileEncoding = 4; lastKnownFileType = sourcecode.swift; path = TQ.swift; sourceTree = "<group>"; };
/* End PBXFileReference section */

/* Begin PBXFrameworksBuildPhase section */
		60DC0F7819A8D9FD0005BAB4 /* Frameworks */ = {
			isa = PBXFrameworksBuildPhase;
			buildActionMask = 2147483647;
			files = (
			);
			runOnlyForDeploymentPostprocessing = 0;
		};
		60DC0F8319A8D9FD0005BAB4 /* Frameworks */ = {
			isa = PBXFrameworksBuildPhase;
			buildActionMask = 2147483647;
			files = (
			);
			runOnlyForDeploymentPostprocessing = 0;
		};
/* End PBXFrameworksBuildPhase section */

/* Begin PBXGroup section */
		60DC0F3B19A8CB5E0005BAB4 = {
			isa = PBXGroup;
			children = (
				60DC0F7619A8D9800005BAB4 /* TinkerGround.playground */,
				60DC0F7D19A8D9FD0005BAB4 /* Tinker */,
				60DC0F8919A8D9FD0005BAB4 /* TinkerQuestTests */,
				60DC0F4519A8CB5E0005BAB4 /* Products */,
			);
			sourceTree = "<group>";
		};
		60DC0F4519A8CB5E0005BAB4 /* Products */ = {
			isa = PBXGroup;
			children = (
				60DC0F7C19A8D9FD0005BAB4 /* Tinker.framework */,
				60DC0F8619A8D9FD0005BAB4 /* TinkerTests.xctest */,
			);
			name = Products;
			sourceTree = "<group>";
		};
		60DC0F6819A8CBD00005BAB4 /* Library */ = {
			isa = PBXGroup;
			children = (
				606E591819A8E31700C2B979 /* CommandInterpreter.swift */,
				60AA038819A90C9800610BC8 /* ConsoleDisplayAdaptor.swift */,
				60DC0F7219A8D64E0005BAB4 /* Item.swift */,
				60AA038A19A91B3300610BC8 /* Person.swift */,
				6026398219A939610092DE02 /* Player.swift */,
				60DC0F7019A8D45E0005BAB4 /* Room.swift */,
				60DC0F6B19A8CC7C0005BAB4 /* Tinker.swift */,
				60DC0F7419A8D6C10005BAB4 /* TinkerObject.swift */,
				60DC0FA019A8DE420005BAB4 /* TQ.swift */,
				6026398419A971280092DE02 /* FoundationExtensions.swift */,
			);
			path = Library;
			sourceTree = "<group>";
		};
		60DC0F7D19A8D9FD0005BAB4 /* Tinker */ = {
			isa = PBXGroup;
			children = (
				60DC0F6819A8CBD00005BAB4 /* Library */,
				60DC0F8019A8D9FD0005BAB4 /* TinkerQuest.h */,
				60DC0F7E19A8D9FD0005BAB4 /* Supporting Files */,
			);
			path = Tinker;
			sourceTree = "<group>";
		};
		60DC0F7E19A8D9FD0005BAB4 /* Supporting Files */ = {
			isa = PBXGroup;
			children = (
				60DC0F7F19A8D9FD0005BAB4 /* Info.plist */,
			);
			path = "Supporting Files";
			sourceTree = "<group>";
		};
		60DC0F8919A8D9FD0005BAB4 /* TinkerQuestTests */ = {
			isa = PBXGroup;
			children = (
				60DC0F8C19A8D9FD0005BAB4 /* TinkerQuestTests.swift */,
				60DC0F8A19A8D9FD0005BAB4 /* Supporting Files */,
			);
			path = TinkerQuestTests;
			sourceTree = "<group>";
		};
		60DC0F8A19A8D9FD0005BAB4 /* Supporting Files */ = {
			isa = PBXGroup;
			children = (
				60DC0F8B19A8D9FD0005BAB4 /* Info.plist */,
			);
			path = "Supporting Files";
			sourceTree = "<group>";
		};
/* End PBXGroup section */

/* Begin PBXHeadersBuildPhase section */
		60DC0F7919A8D9FD0005BAB4 /* Headers */ = {
			isa = PBXHeadersBuildPhase;
			buildActionMask = 2147483647;
			files = (
				60DC0F8119A8D9FD0005BAB4 /* TinkerQuest.h in Headers */,
			);
			runOnlyForDeploymentPostprocessing = 0;
		};
/* End PBXHeadersBuildPhase section */

/* Begin PBXNativeTarget section */
		60DC0F7B19A8D9FD0005BAB4 /* Tinker */ = {
			isa = PBXNativeTarget;
			buildConfigurationList = 60DC0F9419A8D9FD0005BAB4 /* Build configuration list for PBXNativeTarget "Tinker" */;
			buildPhases = (
				60DC0F7719A8D9FD0005BAB4 /* Sources */,
				60DC0F7819A8D9FD0005BAB4 /* Frameworks */,
				60DC0F7919A8D9FD0005BAB4 /* Headers */,
				60DC0F7A19A8D9FD0005BAB4 /* Resources */,
			);
			buildRules = (
			);
			dependencies = (
			);
			name = Tinker;
			productName = TinkerQuest;
			productReference = 60DC0F7C19A8D9FD0005BAB4 /* Tinker.framework */;
			productType = "com.apple.product-type.framework";
		};
		60DC0F8519A8D9FD0005BAB4 /* TinkerTests */ = {
			isa = PBXNativeTarget;
			buildConfigurationList = 60DC0F9819A8D9FD0005BAB4 /* Build configuration list for PBXNativeTarget "TinkerTests" */;
			buildPhases = (
				60DC0F8219A8D9FD0005BAB4 /* Sources */,
				60DC0F8319A8D9FD0005BAB4 /* Frameworks */,
				60DC0F8419A8D9FD0005BAB4 /* Resources */,
			);
			buildRules = (
			);
			dependencies = (
			);
			name = TinkerTests;
			productName = TinkerQuestTests;
			productReference = 60DC0F8619A8D9FD0005BAB4 /* TinkerTests.xctest */;
			productType = "com.apple.product-type.bundle.unit-test";
		};
/* End PBXNativeTarget section */

/* Begin PBXProject section */
		60DC0F3C19A8CB5E0005BAB4 /* Project object */ = {
			isa = PBXProject;
			attributes = {
				LastUpgradeCheck = 0600;
				ORGANIZATIONNAME = Orta;
				TargetAttributes = {
					60DC0F7B19A8D9FD0005BAB4 = {
						CreatedOnToolsVersion = 6.0;
					};
					60DC0F8519A8D9FD0005BAB4 = {
						CreatedOnToolsVersion = 6.0;
						TestTargetID = 60DC0F4319A8CB5E0005BAB4;
					};
				};
			};
			buildConfigurationList = 60DC0F3F19A8CB5E0005BAB4 /* Build configuration list for PBXProject "Tinker" */;
			compatibilityVersion = "Xcode 3.2";
			developmentRegion = English;
			hasScannedForEncodings = 0;
			knownRegions = (
				en,
				Base,
			);
			mainGroup = 60DC0F3B19A8CB5E0005BAB4;
			productRefGroup = 60DC0F4519A8CB5E0005BAB4 /* Products */;
			projectDirPath = "";
			projectRoot = "";
			targets = (
				60DC0F7B19A8D9FD0005BAB4 /* Tinker */,
				60DC0F8519A8D9FD0005BAB4 /* TinkerTests */,
			);
		};
/* End PBXProject section */

/* Begin PBXResourcesBuildPhase section */
		60DC0F7A19A8D9FD0005BAB4 /* Resources */ = {
			isa = PBXResourcesBuildPhase;
			buildActionMask = 2147483647;
			files = (
			);
			runOnlyForDeploymentPostprocessing = 0;
		};
		60DC0F8419A8D9FD0005BAB4 /* Resources */ = {
			isa = PBXResourcesBuildPhase;
			buildActionMask = 2147483647;
			files = (
			);
			runOnlyForDeploymentPostprocessing = 0;
		};
/* End PBXResourcesBuildPhase section */

/* Begin PBXSourcesBuildPhase section */
		60DC0F7719A8D9FD0005BAB4 /* Sources */ = {
			isa = PBXSourcesBuildPhase;
			buildActionMask = 2147483647;
			files = (
				60AA038919A90C9800610BC8 /* ConsoleDisplayAdaptor.swift in Sources */,
				60DC0F9B19A8DA550005BAB4 /* Room.swift in Sources */,
				60DC0F9C19A8DA550005BAB4 /* Item.swift in Sources */,
				606E591919A8E31700C2B979 /* CommandInterpreter.swift in Sources */,
				60DC0F9D19A8DA550005BAB4 /* TinkerObject.swift in Sources */,
				60DC0FA119A8DE420005BAB4 /* TQ.swift in Sources */,
				6026398519A971280092DE02 /* FoundationExtensions.swift in Sources */,
				60AA038B19A91B3300610BC8 /* Person.swift in Sources */,
				6026398319A939610092DE02 /* Player.swift in Sources */,
				60DC0F9E19A8DA550005BAB4 /* Tinker.swift in Sources */,
			);
			runOnlyForDeploymentPostprocessing = 0;
		};
		60DC0F8219A8D9FD0005BAB4 /* Sources */ = {
			isa = PBXSourcesBuildPhase;
			buildActionMask = 2147483647;
			files = (
				60DC0F8D19A8D9FD0005BAB4 /* TinkerQuestTests.swift in Sources */,
			);
			runOnlyForDeploymentPostprocessing = 0;
		};
/* End PBXSourcesBuildPhase section */

/* Begin XCBuildConfiguration section */
		60DC0F5E19A8CB5E0005BAB4 /* Debug */ = {
			isa = XCBuildConfiguration;
			buildSettings = {
				ALWAYS_SEARCH_USER_PATHS = NO;
				CLANG_CXX_LANGUAGE_STANDARD = "gnu++0x";
				CLANG_CXX_LIBRARY = "libc++";
				CLANG_ENABLE_MODULES = YES;
				CLANG_ENABLE_OBJC_ARC = YES;
				CLANG_WARN_BOOL_CONVERSION = YES;
				CLANG_WARN_CONSTANT_CONVERSION = YES;
				CLANG_WARN_DIRECT_OBJC_ISA_USAGE = YES_ERROR;
				CLANG_WARN_EMPTY_BODY = YES;
				CLANG_WARN_ENUM_CONVERSION = YES;
				CLANG_WARN_INT_CONVERSION = YES;
				CLANG_WARN_OBJC_ROOT_CLASS = YES_ERROR;
				CLANG_WARN_UNREACHABLE_CODE = YES;
				CLANG_WARN__DUPLICATE_METHOD_MATCH = YES;
				"CODE_SIGN_IDENTITY[sdk=iphoneos*]" = "iPhone Developer";
				COPY_PHASE_STRIP = NO;
				ENABLE_STRICT_OBJC_MSGSEND = YES;
				GCC_C_LANGUAGE_STANDARD = gnu99;
				GCC_DYNAMIC_NO_PIC = NO;
				GCC_OPTIMIZATION_LEVEL = 0;
				GCC_PREPROCESSOR_DEFINITIONS = (
					"DEBUG=1",
					"$(inherited)",
				);
				GCC_SYMBOLS_PRIVATE_EXTERN = NO;
				GCC_WARN_64_TO_32_BIT_CONVERSION = YES;
				GCC_WARN_ABOUT_RETURN_TYPE = YES_ERROR;
				GCC_WARN_UNDECLARED_SELECTOR = YES;
				GCC_WARN_UNINITIALIZED_AUTOS = YES_AGGRESSIVE;
				GCC_WARN_UNUSED_FUNCTION = YES;
				GCC_WARN_UNUSED_VARIABLE = YES;
				IPHONEOS_DEPLOYMENT_TARGET = 8.0;
				MTL_ENABLE_DEBUG_INFO = YES;
				ONLY_ACTIVE_ARCH = YES;
				SDKROOT = iphoneos;
				SWIFT_OPTIMIZATION_LEVEL = "-Onone";
				TARGETED_DEVICE_FAMILY = "1,2";
			};
			name = Debug;
		};
		60DC0F5F19A8CB5E0005BAB4 /* Release */ = {
			isa = XCBuildConfiguration;
			buildSettings = {
				ALWAYS_SEARCH_USER_PATHS = NO;
				CLANG_CXX_LANGUAGE_STANDARD = "gnu++0x";
				CLANG_CXX_LIBRARY = "libc++";
				CLANG_ENABLE_MODULES = YES;
				CLANG_ENABLE_OBJC_ARC = YES;
				CLANG_WARN_BOOL_CONVERSION = YES;
				CLANG_WARN_CONSTANT_CONVERSION = YES;
				CLANG_WARN_DIRECT_OBJC_ISA_USAGE = YES_ERROR;
				CLANG_WARN_EMPTY_BODY = YES;
				CLANG_WARN_ENUM_CONVERSION = YES;
				CLANG_WARN_INT_CONVERSION = YES;
				CLANG_WARN_OBJC_ROOT_CLASS = YES_ERROR;
				CLANG_WARN_UNREACHABLE_CODE = YES;
				CLANG_WARN__DUPLICATE_METHOD_MATCH = YES;
				"CODE_SIGN_IDENTITY[sdk=iphoneos*]" = "iPhone Developer";
				COPY_PHASE_STRIP = YES;
				ENABLE_NS_ASSERTIONS = NO;
				ENABLE_STRICT_OBJC_MSGSEND = YES;
				GCC_C_LANGUAGE_STANDARD = gnu99;
				GCC_WARN_64_TO_32_BIT_CONVERSION = YES;
				GCC_WARN_ABOUT_RETURN_TYPE = YES_ERROR;
				GCC_WARN_UNDECLARED_SELECTOR = YES;
				GCC_WARN_UNINITIALIZED_AUTOS = YES_AGGRESSIVE;
				GCC_WARN_UNUSED_FUNCTION = YES;
				GCC_WARN_UNUSED_VARIABLE = YES;
				IPHONEOS_DEPLOYMENT_TARGET = 8.0;
				MTL_ENABLE_DEBUG_INFO = NO;
				SDKROOT = iphoneos;
				TARGETED_DEVICE_FAMILY = "1,2";
				VALIDATE_PRODUCT = YES;
			};
			name = Release;
		};
		60DC0F9519A8D9FD0005BAB4 /* Debug */ = {
			isa = XCBuildConfiguration;
			buildSettings = {
				CURRENT_PROJECT_VERSION = 1;
				DEFINES_MODULE = YES;
				DYLIB_COMPATIBILITY_VERSION = 1;
				DYLIB_CURRENT_VERSION = 1;
				DYLIB_INSTALL_NAME_BASE = "@rpath";
				GCC_PREPROCESSOR_DEFINITIONS = (
					"DEBUG=1",
					"$(inherited)",
				);
				INFOPLIST_FILE = "Tinker/Supporting Files/Info.plist";
				INSTALL_PATH = "$(LOCAL_LIBRARY_DIR)/Frameworks";
				LD_RUNPATH_SEARCH_PATHS = "$(inherited) @executable_path/Frameworks @loader_path/Frameworks";
				PRODUCT_NAME = "$(TARGET_NAME)";
				SKIP_INSTALL = YES;
				VERSIONING_SYSTEM = "apple-generic";
				VERSION_INFO_PREFIX = "";
			};
			name = Debug;
		};
		60DC0F9619A8D9FD0005BAB4 /* Release */ = {
			isa = XCBuildConfiguration;
			buildSettings = {
				CURRENT_PROJECT_VERSION = 1;
				DEFINES_MODULE = YES;
				DYLIB_COMPATIBILITY_VERSION = 1;
				DYLIB_CURRENT_VERSION = 1;
				DYLIB_INSTALL_NAME_BASE = "@rpath";
				INFOPLIST_FILE = "Tinker/Supporting Files/Info.plist";
				INSTALL_PATH = "$(LOCAL_LIBRARY_DIR)/Frameworks";
				LD_RUNPATH_SEARCH_PATHS = "$(inherited) @executable_path/Frameworks @loader_path/Frameworks";
				PRODUCT_NAME = "$(TARGET_NAME)";
				SKIP_INSTALL = YES;
				VERSIONING_SYSTEM = "apple-generic";
				VERSION_INFO_PREFIX = "";
			};
			name = Release;
		};
		60DC0F9919A8D9FD0005BAB4 /* Debug */ = {
			isa = XCBuildConfiguration;
			buildSettings = {
				FRAMEWORK_SEARCH_PATHS = (
					"$(SDKROOT)/Developer/Library/Frameworks",
					"$(inherited)",
				);
				GCC_PREPROCESSOR_DEFINITIONS = (
					"DEBUG=1",
					"$(inherited)",
				);
				INFOPLIST_FILE = "TinkerTests/Supporting Files/Info.plist";
				LD_RUNPATH_SEARCH_PATHS = "$(inherited) @executable_path/Frameworks @loader_path/Frameworks";
				PRODUCT_NAME = "$(TARGET_NAME)";
				TEST_HOST = "$(BUILT_PRODUCTS_DIR)/Relate.app/Relate";
			};
			name = Debug;
		};
		60DC0F9A19A8D9FD0005BAB4 /* Release */ = {
			isa = XCBuildConfiguration;
			buildSettings = {
				FRAMEWORK_SEARCH_PATHS = (
					"$(SDKROOT)/Developer/Library/Frameworks",
					"$(inherited)",
				);
				INFOPLIST_FILE = "TinkerTests/Supporting Files/Info.plist";
				LD_RUNPATH_SEARCH_PATHS = "$(inherited) @executable_path/Frameworks @loader_path/Frameworks";
				PRODUCT_NAME = "$(TARGET_NAME)";
				TEST_HOST = "$(BUILT_PRODUCTS_DIR)/Relate.app/Relate";
			};
			name = Release;
		};
/* End XCBuildConfiguration section */

/* Begin XCConfigurationList section */
		60DC0F3F19A8CB5E0005BAB4 /* Build configuration list for PBXProject "Tinker" */ = {
			isa = XCConfigurationList;
			buildConfigurations = (
				60DC0F5E19A8CB5E0005BAB4 /* Debug */,
				60DC0F5F19A8CB5E0005BAB4 /* Release */,
			);
			defaultConfigurationIsVisible = 0;
			defaultConfigurationName = Release;
		};
		60DC0F9419A8D9FD0005BAB4 /* Build configuration list for PBXNativeTarget "Tinker" */ = {
			isa = XCConfigurationList;
			buildConfigurations = (
				60DC0F9519A8D9FD0005BAB4 /* Debug */,
				60DC0F9619A8D9FD0005BAB4 /* Release */,
			);
			defaultConfigurationIsVisible = 0;
			defaultConfigurationName = Release;
		};
		60DC0F9819A8D9FD0005BAB4 /* Build configuration list for PBXNativeTarget "TinkerTests" */ = {
			isa = XCConfigurationList;
			buildConfigurations = (
				60DC0F9919A8D9FD0005BAB4 /* Debug */,
				60DC0F9A19A8D9FD0005BAB4 /* Release */,
			);
			defaultConfigurationIsVisible = 0;
			defaultConfigurationName = Release;
		};
/* End XCConfigurationList section */
	};
	rootObject = 60DC0F3C19A8CB5E0005BAB4 /* Project object */;
}
